
Microsoft Visual Studio Solution File, Format Version 12.00
# Visual Studio Version 16
VisualStudioVersion = 16.0.29123.88
MinimumVisualStudioVersion = 10.0.40219.1
Project("{FAE04EC0-301F-11D3-BF4B-00C04F79EFBC}") = "BubbleTrouble", "BubbleTrouble.csproj", "{FDDCE0D9-8615-4CF0-8CAC-0288E8B88817}"
EndProject
Global
	GlobalSection(SolutionConfigurationPlatforms) = preSolution
		Debug|Any CPU = Debug|Any CPU
		Release|Any CPU = Release|Any CPU
	EndGlobalSection
	GlobalSection(ProjectConfigurationPlatforms) = postSolution
		{FDDCE0D9-8615-4CF0-8CAC-0288E8B88817}.Debug|Any CPU.ActiveCfg = Debug|Any CPU
		{FDDCE0D9-8615-4CF0-8CAC-0288E8B88817}.Debug|Any CPU.Build.0 = Debug|Any CPU
		{FDDCE0D9-8615-4CF0-8CAC-0288E8B88817}.Release|Any CPU.ActiveCfg = Release|Any CPU
		{FDDCE0D9-8615-4CF0-8CAC-0288E8B88817}.Release|Any CPU.Build.0 = Release|Any CPU
	EndGlobalSection
	GlobalSection(SolutionProperties) = preSolution
		HideSolutionNode = FALSE
	EndGlobalSection
	GlobalSection(ExtensibilityGlobals) = postSolution
		SolutionGuid = {7D495B31-BBEB-492F-8735-AB442807D7C0}
	EndGlobalSection
EndGlobal
